// !$*UTF8*$!
{
	archiveVersion = 1;
	classes = {};
	objectVersion = 60;
	objects = {

/* Begin PBXBuildFile section */
		07C15D7B6C628E78B7CF9485 /* CANVAULTApp.swift in Sources */ = {isa = PBXBuildFile; fileRef = 7BA9D5959FF83306AF508F8B /* CANVAULTApp.swift */; };
		6E5ADF97B74568D5E0C965A2 /* RootView.swift in Sources */ = {isa = PBXBuildFile; fileRef = 8D52667B18265B03E9ABD04D /* RootView.swift */; };
		B1CD9EEFB1F08B500E93814C /* DesignSystem.swift in Sources */ = {isa = PBXBuildFile; fileRef = 8568F7B4C2963A7B49EF2B17 /* DesignSystem.swift */; };
		F6D729337968BBF443672028 /* Models.swift in Sources */ = {isa = PBXBuildFile; fileRef = 8700F319C1B6D8F960813441 /* Models.swift */; };
		A2333E14711CA1F48B60E221 /* CatalogStore.swift in Sources */ = {isa = PBXBuildFile; fileRef = 2A67B68521D3C67CF10DEBC7 /* CatalogStore.swift */; };
		619F45B5FA1F74C81013F6B8 /* ColorHarmonyEngine.swift in Sources */ = {isa = PBXBuildFile; fileRef = 81BA7E7FF3AFD5E2C1453B9A /* ColorHarmonyEngine.swift */; };
		DDD59FC3911AF1C96A3183EA /* Feedback.swift in Sources */ = {isa = PBXBuildFile; fileRef = 4C456727178BE57763B532EF /* Feedback.swift */; };
		D607CBBE94AA8034EE3877E0 /* InventoryStore.swift in Sources */ = {isa = PBXBuildFile; fileRef = F74B709BEAC8E20E55382C78 /* InventoryStore.swift */; };
		B5D9CAFE9CB1AB6A9351299B /* StorageStatistics.swift in Sources */ = {isa = PBXBuildFile; fileRef = 5A0590DE289AE079148E7668 /* StorageStatistics.swift */; };
		0C10B4F8D30EB849885BF5AC /* AddCanView.swift in Sources */ = {isa = PBXBuildFile; fileRef = C9E9B9A4FCB314FDC053B1AE /* AddCanView.swift */; };
		77F291993C9C44664034C5C0 /* CanDetailView.swift in Sources */ = {isa = PBXBuildFile; fileRef = 1B78B6CCF8162315C442226F /* CanDetailView.swift */; };
		39D6FF2C1F1C33B1C731966F /* ColorComboView.swift in Sources */ = {isa = PBXBuildFile; fileRef = 2D9F294E923EDF5BCC425F64 /* ColorComboView.swift */; };
		AD0AD2C61B06C51A1EBFE71B /* Components.swift in Sources */ = {isa = PBXBuildFile; fileRef = F6BFE604FC68F4AE7AFEA674 /* Components.swift */; };
		496C0177A95203E75B66F388 /* DashboardView.swift in Sources */ = {isa = PBXBuildFile; fileRef = 6F2983C7D6621E57C89AC695 /* DashboardView.swift */; };
		2E125A78DF1E0C77755E4DD8 /* InventoryView.swift in Sources */ = {isa = PBXBuildFile; fileRef = 701D3BCF52AF1CBF721F3623 /* InventoryView.swift */; };
		515BDB33DD7A3F0F06D89DE5 /* MarketView.swift in Sources */ = {isa = PBXBuildFile; fileRef = 36E1A7F22A120B84D4248A91 /* MarketView.swift */; };
		EF3B0C8CCE45AF54B4DA2DC3 /* MoreView.swift in Sources */ = {isa = PBXBuildFile; fileRef = CEBADA54BE504E1637ED0D90 /* MoreView.swift */; };
		DE5EC96E4D6E2604D0DB1641 /* ScannerScreen.swift in Sources */ = {isa = PBXBuildFile; fileRef = 3B2AFA661998BFAC918CB95A /* ScannerScreen.swift */; };
		F14DAFE06BA1234AB84AE94F /* StorageView.swift in Sources */ = {isa = PBXBuildFile; fileRef = C8FEF1F860845A1FAAC89F9B /* StorageView.swift */; };
		222F0DBFFE5EB23DCD3FD16F /* Assets.xcassets in Resources */ = {isa = PBXBuildFile; fileRef = 6C36FFE920F24CEDB7CFDBFC /* Assets.xcassets */; };
		3A7F9C38A424D0BC6561283A /* CatalogData.json in Resources */ = {isa = PBXBuildFile; fileRef = 88D200E0B6792D6B2A5C3CD3 /* CatalogData.json */; };
/* End PBXBuildFile section */

/* Begin PBXFileReference section */
		7BA9D5959FF83306AF508F8B /* CANVAULTApp.swift */ = {isa = PBXFileReference; lastKnownFileType = sourcecode.swift; path = "App/CANVAULTApp.swift"; sourceTree = "<group>"; };
		8D52667B18265B03E9ABD04D /* RootView.swift */ = {isa = PBXFileReference; lastKnownFileType = sourcecode.swift; path = "App/RootView.swift"; sourceTree = "<group>"; };
		8568F7B4C2963A7B49EF2B17 /* DesignSystem.swift */ = {isa = PBXFileReference; lastKnownFileType = sourcecode.swift; path = "Design/DesignSystem.swift"; sourceTree = "<group>"; };
		8700F319C1B6D8F960813441 /* Models.swift */ = {isa = PBXFileReference; lastKnownFileType = sourcecode.swift; path = "Models/Models.swift"; sourceTree = "<group>"; };
		2A67B68521D3C67CF10DEBC7 /* CatalogStore.swift */ = {isa = PBXFileReference; lastKnownFileType = sourcecode.swift; path = "Services/CatalogStore.swift"; sourceTree = "<group>"; };
		81BA7E7FF3AFD5E2C1453B9A /* ColorHarmonyEngine.swift */ = {isa = PBXFileReference; lastKnownFileType = sourcecode.swift; path = "Services/ColorHarmonyEngine.swift"; sourceTree = "<group>"; };
		4C456727178BE57763B532EF /* Feedback.swift */ = {isa = PBXFileReference; lastKnownFileType = sourcecode.swift; path = "Services/Feedback.swift"; sourceTree = "<group>"; };
		F74B709BEAC8E20E55382C78 /* InventoryStore.swift */ = {isa = PBXFileReference; lastKnownFileType = sourcecode.swift; path = "Services/InventoryStore.swift"; sourceTree = "<group>"; };
		5A0590DE289AE079148E7668 /* StorageStatistics.swift */ = {isa = PBXFileReference; lastKnownFileType = sourcecode.swift; path = "Services/StorageStatistics.swift"; sourceTree = "<group>"; };
		C9E9B9A4FCB314FDC053B1AE /* AddCanView.swift */ = {isa = PBXFileReference; lastKnownFileType = sourcecode.swift; path = "Views/AddCanView.swift"; sourceTree = "<group>"; };
		1B78B6CCF8162315C442226F /* CanDetailView.swift */ = {isa = PBXFileReference; lastKnownFileType = sourcecode.swift; path = "Views/CanDetailView.swift"; sourceTree = "<group>"; };
		2D9F294E923EDF5BCC425F64 /* ColorComboView.swift */ = {isa = PBXFileReference; lastKnownFileType = sourcecode.swift; path = "Views/ColorComboView.swift"; sourceTree = "<group>"; };
		F6BFE604FC68F4AE7AFEA674 /* Components.swift */ = {isa = PBXFileReference; lastKnownFileType = sourcecode.swift; path = "Views/Components.swift"; sourceTree = "<group>"; };
		6F2983C7D6621E57C89AC695 /* DashboardView.swift */ = {isa = PBXFileReference; lastKnownFileType = sourcecode.swift; path = "Views/DashboardView.swift"; sourceTree = "<group>"; };
		701D3BCF52AF1CBF721F3623 /* InventoryView.swift */ = {isa = PBXFileReference; lastKnownFileType = sourcecode.swift; path = "Views/InventoryView.swift"; sourceTree = "<group>"; };
		36E1A7F22A120B84D4248A91 /* MarketView.swift */ = {isa = PBXFileReference; lastKnownFileType = sourcecode.swift; path = "Views/MarketView.swift"; sourceTree = "<group>"; };
		CEBADA54BE504E1637ED0D90 /* MoreView.swift */ = {isa = PBXFileReference; lastKnownFileType = sourcecode.swift; path = "Views/MoreView.swift"; sourceTree = "<group>"; };
		3B2AFA661998BFAC918CB95A /* ScannerScreen.swift */ = {isa = PBXFileReference; lastKnownFileType = sourcecode.swift; path = "Views/ScannerScreen.swift"; sourceTree = "<group>"; };
		C8FEF1F860845A1FAAC89F9B /* StorageView.swift */ = {isa = PBXFileReference; lastKnownFileType = sourcecode.swift; path = "Views/StorageView.swift"; sourceTree = "<group>"; };
		6C36FFE920F24CEDB7CFDBFC /* Assets.xcassets */ = {isa = PBXFileReference; lastKnownFileType = folder.assetcatalog; path = "Assets.xcassets"; sourceTree = "<group>"; };
		88D200E0B6792D6B2A5C3CD3 /* CatalogData.json */ = {isa = PBXFileReference; lastKnownFileType = text.json; path = "Resources/CatalogData.json"; sourceTree = "<group>"; };
		38A007151ABE87CC01A5B6E9 /* CANVAULT.app */ = {isa = PBXFileReference; explicitFileType = wrapper.application; includeInIndex = 0; path = CANVAULT.app; sourceTree = BUILT_PRODUCTS_DIR; };
/* End PBXFileReference section */

/* Begin PBXFrameworksBuildPhase section */
		7561BFB015D8F536760CB671 /* Frameworks */ = {isa = PBXFrameworksBuildPhase; buildActionMask = 2147483647; files = (); runOnlyForDeploymentPostprocessing = 0; };
/* End PBXFrameworksBuildPhase section */

/* Begin PBXGroup section */
		E50290A24C49A459B43487C5 = {isa = PBXGroup; children = (69F8D45498D7E20DA99BB780 /* CANVAULT */, 328EC33DF3954DC9B83FA285 /* Products */); sourceTree = "<group>"; };
		69F8D45498D7E20DA99BB780 /* CANVAULT */ = {isa = PBXGroup; children = (
				7BA9D5959FF83306AF508F8B /* CANVAULTApp.swift */,
				8D52667B18265B03E9ABD04D /* RootView.swift */,
				8568F7B4C2963A7B49EF2B17 /* DesignSystem.swift */,
				8700F319C1B6D8F960813441 /* Models.swift */,
				2A67B68521D3C67CF10DEBC7 /* CatalogStore.swift */,
				81BA7E7FF3AFD5E2C1453B9A /* ColorHarmonyEngine.swift */,
				4C456727178BE57763B532EF /* Feedback.swift */,
				F74B709BEAC8E20E55382C78 /* InventoryStore.swift */,
				5A0590DE289AE079148E7668 /* StorageStatistics.swift */,
				C9E9B9A4FCB314FDC053B1AE /* AddCanView.swift */,
				1B78B6CCF8162315C442226F /* CanDetailView.swift */,
				2D9F294E923EDF5BCC425F64 /* ColorComboView.swift */,
				F6BFE604FC68F4AE7AFEA674 /* Components.swift */,
				6F2983C7D6621E57C89AC695 /* DashboardView.swift */,
				701D3BCF52AF1CBF721F3623 /* InventoryView.swift */,
				36E1A7F22A120B84D4248A91 /* MarketView.swift */,
				CEBADA54BE504E1637ED0D90 /* MoreView.swift */,
				3B2AFA661998BFAC918CB95A /* ScannerScreen.swift */,
				C8FEF1F860845A1FAAC89F9B /* StorageView.swift */,
				6C36FFE920F24CEDB7CFDBFC /* Assets.xcassets */,
				88D200E0B6792D6B2A5C3CD3 /* CatalogData.json */,
			); path = CANVAULT; sourceTree = "<group>"; };
		328EC33DF3954DC9B83FA285 /* Products */ = {isa = PBXGroup; children = (38A007151ABE87CC01A5B6E9 /* CANVAULT.app */); name = Products; sourceTree = "<group>"; };
/* End PBXGroup section */

/* Begin PBXNativeTarget section */
		0E8A3AD980EC179856012B7E /* CANVAULT */ = {isa = PBXNativeTarget; buildConfigurationList = B483F6EB73610DE752E457A0 /* Build configuration list for PBXNativeTarget "CANVAULT" */; buildPhases = (BCE16DD0260827ECF338C787 /* Sources */, 7561BFB015D8F536760CB671 /* Frameworks */, 0189424A5A60FED329FA868E /* Resources */); buildRules = (); dependencies = (); name = CANVAULT; productName = CANVAULT; productReference = 38A007151ABE87CC01A5B6E9 /* CANVAULT.app */; productType = "com.apple.product-type.application"; };
/* End PBXNativeTarget section */

/* Begin PBXProject section */
		98F54143AB4E86B28C3AFEE0 /* Project object */ = {isa = PBXProject; attributes = {BuildIndependentTargetsInParallel = 1; LastSwiftUpdateCheck = 1600; LastUpgradeCheck = 1600; TargetAttributes = {0E8A3AD980EC179856012B7E = {CreatedOnToolsVersion = 16.0; };};}; buildConfigurationList = 41A2CC2D5321B7BB2E956CA5 /* Build configuration list for PBXProject "CANVAULT" */; compatibilityVersion = "Xcode 15.0"; developmentRegion = de; hasScannedForEncodings = 0; knownRegions = (de, Base); mainGroup = E50290A24C49A459B43487C5; productRefGroup = 328EC33DF3954DC9B83FA285 /* Products */; projectDirPath = ""; projectRoot = ""; targets = (0E8A3AD980EC179856012B7E /* CANVAULT */); };
/* End PBXProject section */

/* Begin PBXResourcesBuildPhase section */
		0189424A5A60FED329FA868E /* Resources */ = {isa = PBXResourcesBuildPhase; buildActionMask = 2147483647; files = (
				222F0DBFFE5EB23DCD3FD16F /* Assets.xcassets in Resources */,
				3A7F9C38A424D0BC6561283A /* CatalogData.json in Resources */,
			); runOnlyForDeploymentPostprocessing = 0; };
/* End PBXResourcesBuildPhase section */

/* Begin PBXSourcesBuildPhase section */
		BCE16DD0260827ECF338C787 /* Sources */ = {isa = PBXSourcesBuildPhase; buildActionMask = 2147483647; files = (
				07C15D7B6C628E78B7CF9485 /* CANVAULTApp.swift in Sources */,
				6E5ADF97B74568D5E0C965A2 /* RootView.swift in Sources */,
				B1CD9EEFB1F08B500E93814C /* DesignSystem.swift in Sources */,
				F6D729337968BBF443672028 /* Models.swift in Sources */,
				A2333E14711CA1F48B60E221 /* CatalogStore.swift in Sources */,
				619F45B5FA1F74C81013F6B8 /* ColorHarmonyEngine.swift in Sources */,
				DDD59FC3911AF1C96A3183EA /* Feedback.swift in Sources */,
				D607CBBE94AA8034EE3877E0 /* InventoryStore.swift in Sources */,
				B5D9CAFE9CB1AB6A9351299B /* StorageStatistics.swift in Sources */,
				0C10B4F8D30EB849885BF5AC /* AddCanView.swift in Sources */,
				77F291993C9C44664034C5C0 /* CanDetailView.swift in Sources */,
				39D6FF2C1F1C33B1C731966F /* ColorComboView.swift in Sources */,
				AD0AD2C61B06C51A1EBFE71B /* Components.swift in Sources */,
				496C0177A95203E75B66F388 /* DashboardView.swift in Sources */,
				2E125A78DF1E0C77755E4DD8 /* InventoryView.swift in Sources */,
				515BDB33DD7A3F0F06D89DE5 /* MarketView.swift in Sources */,
				EF3B0C8CCE45AF54B4DA2DC3 /* MoreView.swift in Sources */,
				DE5EC96E4D6E2604D0DB1641 /* ScannerScreen.swift in Sources */,
				F14DAFE06BA1234AB84AE94F /* StorageView.swift in Sources */,
			); runOnlyForDeploymentPostprocessing = 0; };
/* End PBXSourcesBuildPhase section */

/* Begin XCBuildConfiguration section */
		89E1FD6268CC0F221A2BE178 /* Debug */ = {isa = XCBuildConfiguration; buildSettings = {ALWAYS_SEARCH_USER_PATHS = NO; CLANG_ENABLE_MODULES = YES; CLANG_ENABLE_OBJC_ARC = YES; DEBUG_INFORMATION_FORMAT = dwarf; ENABLE_TESTABILITY = YES; GCC_C_LANGUAGE_STANDARD = gnu17; GCC_OPTIMIZATION_LEVEL = 0; IPHONEOS_DEPLOYMENT_TARGET = 16.0; ONLY_ACTIVE_ARCH = YES; SDKROOT = iphoneos; SWIFT_ACTIVE_COMPILATION_CONDITIONS = DEBUG; SWIFT_OPTIMIZATION_LEVEL = "-Onone"; }; name = Debug; };
		E6DE6C99132752C914FEF632 /* Release */ = {isa = XCBuildConfiguration; buildSettings = {ALWAYS_SEARCH_USER_PATHS = NO; CLANG_ENABLE_MODULES = YES; CLANG_ENABLE_OBJC_ARC = YES; DEBUG_INFORMATION_FORMAT = "dwarf-with-dsym"; GCC_C_LANGUAGE_STANDARD = gnu17; IPHONEOS_DEPLOYMENT_TARGET = 16.0; SDKROOT = iphoneos; SWIFT_COMPILATION_MODE = wholemodule; VALIDATE_PRODUCT = YES; }; name = Release; };
		7082CC0B6FC1282FCEABD07A /* Debug */ = {isa = XCBuildConfiguration; buildSettings = {ASSETCATALOG_COMPILER_APPICON_NAME = AppIcon; ASSETCATALOG_COMPILER_GLOBAL_ACCENT_COLOR_NAME = AccentColor; CODE_SIGN_STYLE = Automatic; CURRENT_PROJECT_VERSION = 23; DEVELOPMENT_ASSET_PATHS = ""; ENABLE_PREVIEWS = YES; GENERATE_INFOPLIST_FILE = NO; INFOPLIST_FILE = CANVAULT/Info.plist; INFOPLIST_KEY_UIApplicationSupportsIndirectInputEvents = YES; IPHONEOS_DEPLOYMENT_TARGET = 16.0; MARKETING_VERSION = 1.9.3; PRODUCT_BUNDLE_IDENTIFIER = com.kronos481.canvault; PRODUCT_NAME = "$(TARGET_NAME)"; SUPPORTED_PLATFORMS = "iphoneos iphonesimulator"; SWIFT_EMIT_LOC_STRINGS = YES; SWIFT_VERSION = 5.0; TARGETED_DEVICE_FAMILY = "1,2"; }; name = Debug; };
		639A7CA24D39909E713B47F7 /* Release */ = {isa = XCBuildConfiguration; buildSettings = {ASSETCATALOG_COMPILER_APPICON_NAME = AppIcon; ASSETCATALOG_COMPILER_GLOBAL_ACCENT_COLOR_NAME = AccentColor; CODE_SIGN_STYLE = Automatic; CURRENT_PROJECT_VERSION = 23; DEVELOPMENT_ASSET_PATHS = ""; ENABLE_PREVIEWS = YES; GENERATE_INFOPLIST_FILE = NO; INFOPLIST_FILE = CANVAULT/Info.plist; INFOPLIST_KEY_UIApplicationSupportsIndirectInputEvents = YES; IPHONEOS_DEPLOYMENT_TARGET = 16.0; MARKETING_VERSION = 1.9.3; PRODUCT_BUNDLE_IDENTIFIER = com.kronos481.canvault; PRODUCT_NAME = "$(TARGET_NAME)"; SUPPORTED_PLATFORMS = "iphoneos iphonesimulator"; SWIFT_EMIT_LOC_STRINGS = YES; SWIFT_VERSION = 5.0; TARGETED_DEVICE_FAMILY = "1,2"; }; name = Release; };
/* End XCBuildConfiguration section */

/* Begin XCConfigurationList section */
		41A2CC2D5321B7BB2E956CA5 /* Build configuration list for PBXProject "CANVAULT" */ = {isa = XCConfigurationList; buildConfigurations = (89E1FD6268CC0F221A2BE178 /* Debug */, E6DE6C99132752C914FEF632 /* Release */); defaultConfigurationIsVisible = 0; defaultConfigurationName = Release; };
		B483F6EB73610DE752E457A0 /* Build configuration list for PBXNativeTarget "CANVAULT" */ = {isa = XCConfigurationList; buildConfigurations = (7082CC0B6FC1282FCEABD07A /* Debug */, 639A7CA24D39909E713B47F7 /* Release */); defaultConfigurationIsVisible = 0; defaultConfigurationName = Release; };
/* End XCConfigurationList section */
	};
	rootObject = 98F54143AB4E86B28C3AFEE0 /* Project object */;
}
